
Microsoft Visual Studio Solution File, Format Version 12.00
# Visual Studio Version 17
VisualStudioVersion = 17.13.35828.75 d17.13
MinimumVisualStudioVersion = 10.0.40219.1
Project("{FAE04EC0-301F-11D3-BF4B-00C04F79EFBC}") = "tp_05", "tp_05.csproj", "{8559FC71-B84D-4CAA-8BAB-D36A59FD8BC3}"
EndProject
Global
	GlobalSection(SolutionConfigurationPlatforms) = preSolution
		Debug|Any CPU = Debug|Any CPU
		Release|Any CPU = Release|Any CPU
	EndGlobalSection
	GlobalSection(ProjectConfigurationPlatforms) = postSolution
		{8559FC71-B84D-4CAA-8BAB-D36A59FD8BC3}.Debug|Any CPU.ActiveCfg = Debug|Any CPU
		{8559FC71-B84D-4CAA-8BAB-D36A59FD8BC3}.Debug|Any CPU.Build.0 = Debug|Any CPU
		{8559FC71-B84D-4CAA-8BAB-D36A59FD8BC3}.Release|Any CPU.ActiveCfg = Release|Any CPU
		{8559FC71-B84D-4CAA-8BAB-D36A59FD8BC3}.Release|Any CPU.Build.0 = Release|Any CPU
	EndGlobalSection
	GlobalSection(SolutionProperties) = preSolution
		HideSolutionNode = FALSE
	EndGlobalSection
	GlobalSection(ExtensibilityGlobals) = postSolution
		SolutionGuid = {47A7D63E-05DA-406C-B30D-6A2E5C3E73B8}
	EndGlobalSection
EndGlobal
